
Microsoft Visual Studio Solution File, Format Version 12.00
# Visual Studio Version 17
VisualStudioVersion = 17.3.32819.101
MinimumVisualStudioVersion = 10.0.40219.1
Project("{9A19103F-16F7-4668-BE54-9A1E7A4F7556}") = "PostMeteion", "PostMeteion\PostMeteion.csproj", "{7DFC1AD8-C91F-4CAA-8E09-7C1CBABFA289}"
EndProject
Project("{2150E333-8FDC-42A3-9474-1A3956D46DE8}") = "Solution Items", "Solution Items", "{1159CC68-AB06-4025-8AC2-61386FB9D868}"
	ProjectSection(SolutionItems) = preProject
		.editorconfig = .editorconfig
	EndProjectSection
EndProject
Project("{9A19103F-16F7-4668-BE54-9A1E7A4F7556}") = "XivCommon", "XivCommon\XivCommon.csproj", "{93F19191-FC0D-4CC7-B085-2691A57E4AEA}"
EndProject
Global
	GlobalSection(SolutionConfigurationPlatforms) = preSolution
		Debug|Any CPU = Debug|Any CPU
		Debug|x64 = Debug|x64
		Release|Any CPU = Release|Any CPU
		Release|x64 = Release|x64
	EndGlobalSection
	GlobalSection(ProjectConfigurationPlatforms) = postSolution
		{7DFC1AD8-C91F-4CAA-8E09-7C1CBABFA289}.Debug|Any CPU.ActiveCfg = Debug|x64
		{7DFC1AD8-C91F-4CAA-8E09-7C1CBABFA289}.Debug|Any CPU.Build.0 = Debug|x64
		{7DFC1AD8-C91F-4CAA-8E09-7C1CBABFA289}.Debug|x64.ActiveCfg = Debug|x64
		{7DFC1AD8-C91F-4CAA-8E09-7C1CBABFA289}.Debug|x64.Build.0 = Debug|x64
		{7DFC1AD8-C91F-4CAA-8E09-7C1CBABFA289}.Release|Any CPU.ActiveCfg = Release|x64
		{7DFC1AD8-C91F-4CAA-8E09-7C1CBABFA289}.Release|Any CPU.Build.0 = Release|x64
		{7DFC1AD8-C91F-4CAA-8E09-7C1CBABFA289}.Release|x64.ActiveCfg = Release|x64
		{7DFC1AD8-C91F-4CAA-8E09-7C1CBABFA289}.Release|x64.Build.0 = Release|x64
		{93F19191-FC0D-4CC7-B085-2691A57E4AEA}.Debug|Any CPU.ActiveCfg = Debug|Any CPU
		{93F19191-FC0D-4CC7-B085-2691A57E4AEA}.Debug|Any CPU.Build.0 = Debug|Any CPU
		{93F19191-FC0D-4CC7-B085-2691A57E4AEA}.Debug|x64.ActiveCfg = Debug|Any CPU
		{93F19191-FC0D-4CC7-B085-2691A57E4AEA}.Debug|x64.Build.0 = Debug|Any CPU
		{93F19191-FC0D-4CC7-B085-2691A57E4AEA}.Release|Any CPU.ActiveCfg = Release|Any CPU
		{93F19191-FC0D-4CC7-B085-2691A57E4AEA}.Release|Any CPU.Build.0 = Release|Any CPU
		{93F19191-FC0D-4CC7-B085-2691A57E4AEA}.Release|x64.ActiveCfg = Release|Any CPU
		{93F19191-FC0D-4CC7-B085-2691A57E4AEA}.Release|x64.Build.0 = Release|Any CPU
	EndGlobalSection
	GlobalSection(SolutionProperties) = preSolution
		HideSolutionNode = FALSE
	EndGlobalSection
	GlobalSection(ExtensibilityGlobals) = postSolution
		SolutionGuid = {B4EDA566-540F-49BC-9847-F5C3B248319B}
	EndGlobalSection
EndGlobal
